
Microsoft Visual Studio Solution File, Format Version 12.00
# Visual Studio Version 16
VisualStudioVersion = 16.0.31515.178
MinimumVisualStudioVersion = 10.0.40219.1
Project("{FAE04EC0-301F-11D3-BF4B-00C04F79EFBC}") = "WPFCustomMessageBox", "WPFCustomMessageBox\WPFCustomMessageBox.csproj", "{22330B8E-8704-4850-801D-474B7D13CEF3}"
EndProject
Global
	GlobalSection(SolutionConfigurationPlatforms) = preSolution
		Debug|Any CPU = Debug|Any CPU
		Release|Any CPU = Release|Any CPU
	EndGlobalSection
	GlobalSection(ProjectConfigurationPlatforms) = postSolution
		{22330B8E-8704-4850-801D-474B7D13CEF3}.Debug|Any CPU.ActiveCfg = Debug|Any CPU
		{22330B8E-8704-4850-801D-474B7D13CEF3}.Debug|Any CPU.Build.0 = Debug|Any CPU
		{22330B8E-8704-4850-801D-474B7D13CEF3}.Release|Any CPU.ActiveCfg = Release|Any CPU
		{22330B8E-8704-4850-801D-474B7D13CEF3}.Release|Any CPU.Build.0 = Release|Any CPU
	EndGlobalSection
	GlobalSection(SolutionProperties) = preSolution
		HideSolutionNode = FALSE
	EndGlobalSection
	GlobalSection(ExtensibilityGlobals) = postSolution
		SolutionGuid = {FAC3839C-0AC0-4FCD-AB46-A9E81804BC5A}
	EndGlobalSection
EndGlobal
